
Microsoft Visual Studio Solution File, Format Version 12.00
# Visual Studio Version 16
VisualStudioVersion = 16.0.31105.61
MinimumVisualStudioVersion = 10.0.40219.1
Project("{9A19103F-16F7-4668-BE54-9A1E7A4F7556}") = "Reform.Cli", "src\Reform.Cli\Reform.Cli.csproj", "{05141963-1821-4EF5-97BF-76D0C39A4B68}"
EndProject
Project("{9A19103F-16F7-4668-BE54-9A1E7A4F7556}") = "Reform.Core", "src\Reform.Core\Reform.Core.csproj", "{7C5F4FA2-69DD-44CA-8EEE-F756E31F4E22}"
EndProject
Project("{9A19103F-16F7-4668-BE54-9A1E7A4F7556}") = "Reform.Test", "tests\Reform.Test\Reform.Test.csproj", "{2B1E33C7-2094-4112-9009-6CD48A30D2DA}"
EndProject
Project("{9A19103F-16F7-4668-BE54-9A1E7A4F7556}") = "Octopus.CoreParsers.Hcl", "src\Octopus.Core.Parsers.Hcl\Octopus.CoreParsers.Hcl.csproj", "{E7474D77-A96B-4CDF-BA46-021C61D12F0B}"
EndProject
Project("{9A19103F-16F7-4668-BE54-9A1E7A4F7556}") = "Octopus.CoreParsers.Hcl.Tests", "tests\Octopus.Core.Parsers.Hcl.Tests\Octopus.CoreParsers.Hcl.Tests.csproj", "{2108EC1D-44C3-43FF-98C4-095256EA3D9B}"
EndProject
Global
	GlobalSection(SolutionConfigurationPlatforms) = preSolution
		Debug|Any CPU = Debug|Any CPU
		Release|Any CPU = Release|Any CPU
	EndGlobalSection
	GlobalSection(ProjectConfigurationPlatforms) = postSolution
		{05141963-1821-4EF5-97BF-76D0C39A4B68}.Debug|Any CPU.ActiveCfg = Debug|Any CPU
		{05141963-1821-4EF5-97BF-76D0C39A4B68}.Debug|Any CPU.Build.0 = Debug|Any CPU
		{05141963-1821-4EF5-97BF-76D0C39A4B68}.Release|Any CPU.ActiveCfg = Release|Any CPU
		{05141963-1821-4EF5-97BF-76D0C39A4B68}.Release|Any CPU.Build.0 = Release|Any CPU
		{7C5F4FA2-69DD-44CA-8EEE-F756E31F4E22}.Debug|Any CPU.ActiveCfg = Debug|Any CPU
		{7C5F4FA2-69DD-44CA-8EEE-F756E31F4E22}.Debug|Any CPU.Build.0 = Debug|Any CPU
		{7C5F4FA2-69DD-44CA-8EEE-F756E31F4E22}.Release|Any CPU.ActiveCfg = Release|Any CPU
		{7C5F4FA2-69DD-44CA-8EEE-F756E31F4E22}.Release|Any CPU.Build.0 = Release|Any CPU
		{2B1E33C7-2094-4112-9009-6CD48A30D2DA}.Debug|Any CPU.ActiveCfg = Debug|Any CPU
		{2B1E33C7-2094-4112-9009-6CD48A30D2DA}.Debug|Any CPU.Build.0 = Debug|Any CPU
		{2B1E33C7-2094-4112-9009-6CD48A30D2DA}.Release|Any CPU.ActiveCfg = Release|Any CPU
		{2B1E33C7-2094-4112-9009-6CD48A30D2DA}.Release|Any CPU.Build.0 = Release|Any CPU
		{E7474D77-A96B-4CDF-BA46-021C61D12F0B}.Debug|Any CPU.ActiveCfg = Debug|Any CPU
		{E7474D77-A96B-4CDF-BA46-021C61D12F0B}.Debug|Any CPU.Build.0 = Debug|Any CPU
		{E7474D77-A96B-4CDF-BA46-021C61D12F0B}.Release|Any CPU.ActiveCfg = Release|Any CPU
		{E7474D77-A96B-4CDF-BA46-021C61D12F0B}.Release|Any CPU.Build.0 = Release|Any CPU
		{2108EC1D-44C3-43FF-98C4-095256EA3D9B}.Debug|Any CPU.ActiveCfg = Debug|Any CPU
		{2108EC1D-44C3-43FF-98C4-095256EA3D9B}.Debug|Any CPU.Build.0 = Debug|Any CPU
		{2108EC1D-44C3-43FF-98C4-095256EA3D9B}.Release|Any CPU.ActiveCfg = Release|Any CPU
		{2108EC1D-44C3-43FF-98C4-095256EA3D9B}.Release|Any CPU.Build.0 = Release|Any CPU
	EndGlobalSection
	GlobalSection(SolutionProperties) = preSolution
		HideSolutionNode = FALSE
	EndGlobalSection
	GlobalSection(ExtensibilityGlobals) = postSolution
		SolutionGuid = {414A123F-A4EF-4A39-AF8D-5946B6F55DAF}
	EndGlobalSection
EndGlobal
